// !$*UTF8*$!
{
	archiveVersion = 1;
	classes = {
	};
	objectVersion = 55;
	objects = {

/* Begin PBXBuildFile section */
		CC6315E7282B9EB600D1440B /* AppDelegate.swift in Sources */ = {isa = PBXBuildFile; fileRef = CC6315E6282B9EB600D1440B /* AppDelegate.swift */; };
		CC6315E9282B9EB600D1440B /* SceneDelegate.swift in Sources */ = {isa = PBXBuildFile; fileRef = CC6315E8282B9EB600D1440B /* SceneDelegate.swift */; };
		CC6315EE282B9EB600D1440B /* Main.storyboard in Resources */ = {isa = PBXBuildFile; fileRef = CC6315EC282B9EB600D1440B /* Main.storyboard */; };
		CC6315F0282B9EB900D1440B /* Assets.xcassets in Resources */ = {isa = PBXBuildFile; fileRef = CC6315EF282B9EB900D1440B /* Assets.xcassets */; };
		CC6315F3282B9EB900D1440B /* LaunchScreen.storyboard in Resources */ = {isa = PBXBuildFile; fileRef = CC6315F1282B9EB900D1440B /* LaunchScreen.storyboard */; };
		CC631611282B9EFF00D1440B /* lobby.png in Resources */ = {isa = PBXBuildFile; fileRef = CC6315FC282B9EFF00D1440B /* lobby.png */; };
		CC631612282B9EFF00D1440B /* battlebg.png in Resources */ = {isa = PBXBuildFile; fileRef = CC6315FD282B9EFF00D1440B /* battlebg.png */; };
		CC631613282B9EFF00D1440B /* bgimage.jpg in Resources */ = {isa = PBXBuildFile; fileRef = CC6315FE282B9EFF00D1440B /* bgimage.jpg */; };
		CC631614282B9EFF00D1440B /* waku.png in Resources */ = {isa = PBXBuildFile; fileRef = CC6315FF282B9EFF00D1440B /* waku.png */; };
		CC631615282B9EFF00D1440B /* gold_button.png in Resources */ = {isa = PBXBuildFile; fileRef = CC631600282B9EFF00D1440B /* gold_button.png */; };
		CC631616282B9EFF00D1440B /* yusya.png in Resources */ = {isa = PBXBuildFile; fileRef = CC631601282B9EFF00D1440B /* yusya.png */; };
		CC631617282B9EFF00D1440B /* monster.png in Resources */ = {isa = PBXBuildFile; fileRef = CC631602282B9EFF00D1440B /* monster.png */; };
		CC631618282B9EFF00D1440B /* Enemy.swift in Sources */ = {isa = PBXBuildFile; fileRef = CC631604282B9EFF00D1440B /* Enemy.swift */; };
		CC631619282B9EFF00D1440B /* TechDraUtil.swift in Sources */ = {isa = PBXBuildFile; fileRef = CC631605282B9EFF00D1440B /* TechDraUtil.swift */; };
		CC63161A282B9EFF00D1440B /* Player.swift in Sources */ = {isa = PBXBuildFile; fileRef = CC631606282B9EFF00D1440B /* Player.swift */; };
		CC63161B282B9EFF00D1440B /* SE_fanfare.mp3 in Resources */ = {isa = PBXBuildFile; fileRef = CC631608282B9EFF00D1440B /* SE_fanfare.mp3 */; };
		CC63161C282B9EFF00D1440B /* BGM_battle001.mp3 in Resources */ = {isa = PBXBuildFile; fileRef = CC631609282B9EFF00D1440B /* BGM_battle001.mp3 */; };
		CC63161D282B9EFF00D1440B /* SE_fire.mp3 in Resources */ = {isa = PBXBuildFile; fileRef = CC63160A282B9EFF00D1440B /* SE_fire.mp3 */; };
		CC63161E282B9EFF00D1440B /* SE_attack.mp3 in Resources */ = {isa = PBXBuildFile; fileRef = CC63160B282B9EFF00D1440B /* SE_attack.mp3 */; };
		CC63161F282B9EFF00D1440B /* SE_gameover.mp3 in Resources */ = {isa = PBXBuildFile; fileRef = CC63160C282B9EFF00D1440B /* SE_gameover.mp3 */; };
		CC631620282B9EFF00D1440B /* SE_charge.mp3 in Resources */ = {isa = PBXBuildFile; fileRef = CC63160D282B9EFF00D1440B /* SE_charge.mp3 */; };
		CC631621282B9EFF00D1440B /* lobby.mp3 in Resources */ = {isa = PBXBuildFile; fileRef = CC63160E282B9EFF00D1440B /* lobby.mp3 */; };
		CC631624282C102100D1440B /* LobbyViewController.swift in Sources */ = {isa = PBXBuildFile; fileRef = CC631623282C102100D1440B /* LobbyViewController.swift */; };
		CC631626282C107400D1440B /* BattleViewController.swift in Sources */ = {isa = PBXBuildFile; fileRef = CC631625282C107400D1440B /* BattleViewController.swift */; };
		CC631628282C47BF00D1440B /* 背景.png in Resources */ = {isa = PBXBuildFile; fileRef = CC631627282C47BF00D1440B /* 背景.png */; };
		CC63162C282C4DD900D1440B /* misaki_gothic.ttf in Resources */ = {isa = PBXBuildFile; fileRef = CC63162B282C4DD900D1440B /* misaki_gothic.ttf */; };
		CC63162E282C50B400D1440B /* Dance_With_Powder.mp3 in Resources */ = {isa = PBXBuildFile; fileRef = CC63162D282C50B400D1440B /* Dance_With_Powder.mp3 */; };
		CC631632282C548200D1440B /* 恐竜アイコン.png in Resources */ = {isa = PBXBuildFile; fileRef = CC631631282C548200D1440B /* 恐竜アイコン.png */; };
/* End PBXBuildFile section */

/* Begin PBXFileReference section */
		CC6315E3282B9EB500D1440B /* TechMonster.app */ = {isa = PBXFileReference; explicitFileType = wrapper.application; includeInIndex = 0; path = TechMonster.app; sourceTree = BUILT_PRODUCTS_DIR; };
		CC6315E6282B9EB600D1440B /* AppDelegate.swift */ = {isa = PBXFileReference; lastKnownFileType = sourcecode.swift; path = AppDelegate.swift; sourceTree = "<group>"; };
		CC6315E8282B9EB600D1440B /* SceneDelegate.swift */ = {isa = PBXFileReference; lastKnownFileType = sourcecode.swift; path = SceneDelegate.swift; sourceTree = "<group>"; };
		CC6315ED282B9EB600D1440B /* Base */ = {isa = PBXFileReference; lastKnownFileType = file.storyboard; name = Base; path = Base.lproj/Main.storyboard; sourceTree = "<group>"; };
		CC6315EF282B9EB900D1440B /* Assets.xcassets */ = {isa = PBXFileReference; lastKnownFileType = folder.assetcatalog; path = Assets.xcassets; sourceTree = "<group>"; };
		CC6315F2282B9EB900D1440B /* Base */ = {isa = PBXFileReference; lastKnownFileType = file.storyboard; name = Base; path = Base.lproj/LaunchScreen.storyboard; sourceTree = "<group>"; };
		CC6315F4282B9EB900D1440B /* Info.plist */ = {isa = PBXFileReference; lastKnownFileType = text.plist.xml; path = Info.plist; sourceTree = "<group>"; };
		CC6315FC282B9EFF00D1440B /* lobby.png */ = {isa = PBXFileReference; lastKnownFileType = image.png; path = lobby.png; sourceTree = "<group>"; };
		CC6315FD282B9EFF00D1440B /* battlebg.png */ = {isa = PBXFileReference; lastKnownFileType = image.png; path = battlebg.png; sourceTree = "<group>"; };
		CC6315FE282B9EFF00D1440B /* bgimage.jpg */ = {isa = PBXFileReference; lastKnownFileType = image.jpeg; path = bgimage.jpg; sourceTree = "<group>"; };
		CC6315FF282B9EFF00D1440B /* waku.png */ = {isa = PBXFileReference; lastKnownFileType = image.png; path = waku.png; sourceTree = "<group>"; };
		CC631600282B9EFF00D1440B /* gold_button.png */ = {isa = PBXFileReference; lastKnownFileType = image.png; path = gold_button.png; sourceTree = "<group>"; };
		CC631601282B9EFF00D1440B /* yusya.png */ = {isa = PBXFileReference; lastKnownFileType = image.png; path = yusya.png; sourceTree = "<group>"; };
		CC631602282B9EFF00D1440B /* monster.png */ = {isa = PBXFileReference; lastKnownFileType = image.png; path = monster.png; sourceTree = "<group>"; };
		CC631604282B9EFF00D1440B /* Enemy.swift */ = {isa = PBXFileReference; fileEncoding = 4; lastKnownFileType = sourcecode.swift; path = Enemy.swift; sourceTree = "<group>"; };
		CC631605282B9EFF00D1440B /* TechDraUtil.swift */ = {isa = PBXFileReference; fileEncoding = 4; lastKnownFileType = sourcecode.swift; path = TechDraUtil.swift; sourceTree = "<group>"; };
		CC631606282B9EFF00D1440B /* Player.swift */ = {isa = PBXFileReference; fileEncoding = 4; lastKnownFileType = sourcecode.swift; path = Player.swift; sourceTree = "<group>"; };
		CC631608282B9EFF00D1440B /* SE_fanfare.mp3 */ = {isa = PBXFileReference; lastKnownFileType = audio.mp3; path = SE_fanfare.mp3; sourceTree = "<group>"; };
		CC631609282B9EFF00D1440B /* BGM_battle001.mp3 */ = {isa = PBXFileReference; lastKnownFileType = audio.mp3; path = BGM_battle001.mp3; sourceTree = "<group>"; };
		CC63160A282B9EFF00D1440B /* SE_fire.mp3 */ = {isa = PBXFileReference; lastKnownFileType = audio.mp3; path = SE_fire.mp3; sourceTree = "<group>"; };
		CC63160B282B9EFF00D1440B /* SE_attack.mp3 */ = {isa = PBXFileReference; lastKnownFileType = audio.mp3; path = SE_attack.mp3; sourceTree = "<group>"; };
		CC63160C282B9EFF00D1440B /* SE_gameover.mp3 */ = {isa = PBXFileReference; lastKnownFileType = audio.mp3; path = SE_gameover.mp3; sourceTree = "<group>"; };
		CC63160D282B9EFF00D1440B /* SE_charge.mp3 */ = {isa = PBXFileReference; lastKnownFileType = audio.mp3; path = SE_charge.mp3; sourceTree = "<group>"; };
		CC63160E282B9EFF00D1440B /* lobby.mp3 */ = {isa = PBXFileReference; lastKnownFileType = audio.mp3; path = lobby.mp3; sourceTree = "<group>"; };
		CC631623282C102100D1440B /* LobbyViewController.swift */ = {isa = PBXFileReference; lastKnownFileType = sourcecode.swift; path = LobbyViewController.swift; sourceTree = "<group>"; };
		CC631625282C107400D1440B /* BattleViewController.swift */ = {isa = PBXFileReference; lastKnownFileType = sourcecode.swift; path = BattleViewController.swift; sourceTree = "<group>"; };
		CC631627282C47BF00D1440B /* 背景.png */ = {isa = PBXFileReference; lastKnownFileType = image.png; path = "背景.png"; sourceTree = "<group>"; };
		CC63162B282C4DD900D1440B /* misaki_gothic.ttf */ = {isa = PBXFileReference; lastKnownFileType = file; name = misaki_gothic.ttf; path = "../../../Dropbox (herogarage)/meri/iphone アプリ/3-上級素材/TechMon_Resources/Fonts/misaki_gothic.ttf"; sourceTree = "<group>"; };
		CC63162D282C50B400D1440B /* Dance_With_Powder.mp3 */ = {isa = PBXFileReference; lastKnownFileType = audio.mp3; path = Dance_With_Powder.mp3; sourceTree = "<group>"; };
		CC631631282C548200D1440B /* 恐竜アイコン.png */ = {isa = PBXFileReference; lastKnownFileType = image.png; path = "恐竜アイコン.png"; sourceTree = "<group>"; };
/* End PBXFileReference section */

/* Begin PBXFrameworksBuildPhase section */
		CC6315E0282B9EB500D1440B /* Frameworks */ = {
			isa = PBXFrameworksBuildPhase;
			buildActionMask = 2147483647;
			files = (
			);
			runOnlyForDeploymentPostprocessing = 0;
		};
/* End PBXFrameworksBuildPhase section */

/* Begin PBXGroup section */
		CC6315DA282B9EB500D1440B = {
			isa = PBXGroup;
			children = (
				CC6315E5282B9EB500D1440B /* TechMonster */,
				CC6315E4282B9EB500D1440B /* Products */,
			);
			sourceTree = "<group>";
		};
		CC6315E4282B9EB500D1440B /* Products */ = {
			isa = PBXGroup;
			children = (
				CC6315E3282B9EB500D1440B /* TechMonster.app */,
			);
			name = Products;
			sourceTree = "<group>";
		};
		CC6315E5282B9EB500D1440B /* TechMonster */ = {
			isa = PBXGroup;
			children = (
				CC6315FA282B9EFF00D1440B /* TechMon_Resources */,
				CC6315E6282B9EB600D1440B /* AppDelegate.swift */,
				CC6315E8282B9EB600D1440B /* SceneDelegate.swift */,
				CC631623282C102100D1440B /* LobbyViewController.swift */,
				CC631625282C107400D1440B /* BattleViewController.swift */,
				CC6315EC282B9EB600D1440B /* Main.storyboard */,
				CC6315EF282B9EB900D1440B /* Assets.xcassets */,
				CC631631282C548200D1440B /* 恐竜アイコン.png */,
				CC631627282C47BF00D1440B /* 背景.png */,
				CC6315F1282B9EB900D1440B /* LaunchScreen.storyboard */,
				CC6315F4282B9EB900D1440B /* Info.plist */,
				CC63162B282C4DD900D1440B /* misaki_gothic.ttf */,
			);
			path = TechMonster;
			sourceTree = "<group>";
		};
		CC6315FA282B9EFF00D1440B /* TechMon_Resources */ = {
			isa = PBXGroup;
			children = (
				CC6315FB282B9EFF00D1440B /* Images */,
				CC631603282B9EFF00D1440B /* Models */,
				CC631607282B9EFF00D1440B /* Sounds */,
				CC63160F282B9EFF00D1440B /* Fonts */,
			);
			path = TechMon_Resources;
			sourceTree = "<group>";
		};
		CC6315FB282B9EFF00D1440B /* Images */ = {
			isa = PBXGroup;
			children = (
				CC6315FC282B9EFF00D1440B /* lobby.png */,
				CC6315FD282B9EFF00D1440B /* battlebg.png */,
				CC6315FE282B9EFF00D1440B /* bgimage.jpg */,
				CC6315FF282B9EFF00D1440B /* waku.png */,
				CC631600282B9EFF00D1440B /* gold_button.png */,
				CC631601282B9EFF00D1440B /* yusya.png */,
				CC631602282B9EFF00D1440B /* monster.png */,
			);
			path = Images;
			sourceTree = "<group>";
		};
		CC631603282B9EFF00D1440B /* Models */ = {
			isa = PBXGroup;
			children = (
				CC631604282B9EFF00D1440B /* Enemy.swift */,
				CC631605282B9EFF00D1440B /* TechDraUtil.swift */,
				CC631606282B9EFF00D1440B /* Player.swift */,
			);
			path = Models;
			sourceTree = "<group>";
		};
		CC631607282B9EFF00D1440B /* Sounds */ = {
			isa = PBXGroup;
			children = (
				CC631608282B9EFF00D1440B /* SE_fanfare.mp3 */,
				CC63160A282B9EFF00D1440B /* SE_fire.mp3 */,
				CC63160B282B9EFF00D1440B /* SE_attack.mp3 */,
				CC63160C282B9EFF00D1440B /* SE_gameover.mp3 */,
				CC63160D282B9EFF00D1440B /* SE_charge.mp3 */,
				CC63160E282B9EFF00D1440B /* lobby.mp3 */,
				CC63162D282C50B400D1440B /* Dance_With_Powder.mp3 */,
				CC631609282B9EFF00D1440B /* BGM_battle001.mp3 */,
			);
			path = Sounds;
			sourceTree = "<group>";
		};
		CC63160F282B9EFF00D1440B /* Fonts */ = {
			isa = PBXGroup;
			children = (
			);
			path = Fonts;
			sourceTree = "<group>";
		};
/* End PBXGroup section */

/* Begin PBXNativeTarget section */
		CC6315E2282B9EB500D1440B /* TechMonster */ = {
			isa = PBXNativeTarget;
			buildConfigurationList = CC6315F7282B9EB900D1440B /* Build configuration list for PBXNativeTarget "TechMonster" */;
			buildPhases = (
				CC6315DF282B9EB500D1440B /* Sources */,
				CC6315E0282B9EB500D1440B /* Frameworks */,
				CC6315E1282B9EB500D1440B /* Resources */,
			);
			buildRules = (
			);
			dependencies = (
			);
			name = TechMonster;
			productName = TechMonster;
			productReference = CC6315E3282B9EB500D1440B /* TechMonster.app */;
			productType = "com.apple.product-type.application";
		};
/* End PBXNativeTarget section */

/* Begin PBXProject section */
		CC6315DB282B9EB500D1440B /* Project object */ = {
			isa = PBXProject;
			attributes = {
				BuildIndependentTargetsInParallel = 1;
				LastSwiftUpdateCheck = 1330;
				LastUpgradeCheck = 1330;
				TargetAttributes = {
					CC6315E2282B9EB500D1440B = {
						CreatedOnToolsVersion = 13.3.1;
					};
				};
			};
			buildConfigurationList = CC6315DE282B9EB500D1440B /* Build configuration list for PBXProject "TechMonster" */;
			compatibilityVersion = "Xcode 13.0";
			developmentRegion = en;
			hasScannedForEncodings = 0;
			knownRegions = (
				en,
				Base,
			);
			mainGroup = CC6315DA282B9EB500D1440B;
			productRefGroup = CC6315E4282B9EB500D1440B /* Products */;
			projectDirPath = "";
			projectRoot = "";
			targets = (
				CC6315E2282B9EB500D1440B /* TechMonster */,
			);
		};
/* End PBXProject section */

/* Begin PBXResourcesBuildPhase section */
		CC6315E1282B9EB500D1440B /* Resources */ = {
			isa = PBXResourcesBuildPhase;
			buildActionMask = 2147483647;
			files = (
				CC631616282B9EFF00D1440B /* yusya.png in Resources */,
				CC631628282C47BF00D1440B /* 背景.png in Resources */,
				CC631613282B9EFF00D1440B /* bgimage.jpg in Resources */,
				CC631614282B9EFF00D1440B /* waku.png in Resources */,
				CC63161B282B9EFF00D1440B /* SE_fanfare.mp3 in Resources */,
				CC63162E282C50B400D1440B /* Dance_With_Powder.mp3 in Resources */,
				CC631611282B9EFF00D1440B /* lobby.png in Resources */,
				CC631615282B9EFF00D1440B /* gold_button.png in Resources */,
				CC63161E282B9EFF00D1440B /* SE_attack.mp3 in Resources */,
				CC631632282C548200D1440B /* 恐竜アイコン.png in Resources */,
				CC63162C282C4DD900D1440B /* misaki_gothic.ttf in Resources */,
				CC6315F3282B9EB900D1440B /* LaunchScreen.storyboard in Resources */,
				CC631621282B9EFF00D1440B /* lobby.mp3 in Resources */,
				CC6315F0282B9EB900D1440B /* Assets.xcassets in Resources */,
				CC63161F282B9EFF00D1440B /* SE_gameover.mp3 in Resources */,
				CC631612282B9EFF00D1440B /* battlebg.png in Resources */,
				CC63161C282B9EFF00D1440B /* BGM_battle001.mp3 in Resources */,
				CC631620282B9EFF00D1440B /* SE_charge.mp3 in Resources */,
				CC63161D282B9EFF00D1440B /* SE_fire.mp3 in Resources */,
				CC631617282B9EFF00D1440B /* monster.png in Resources */,
				CC6315EE282B9EB600D1440B /* Main.storyboard in Resources */,
			);
			runOnlyForDeploymentPostprocessing = 0;
		};
/* End PBXResourcesBuildPhase section */

/* Begin PBXSourcesBuildPhase section */
		CC6315DF282B9EB500D1440B /* Sources */ = {
			isa = PBXSourcesBuildPhase;
			buildActionMask = 2147483647;
			files = (
				CC631626282C107400D1440B /* BattleViewController.swift in Sources */,
				CC631618282B9EFF00D1440B /* Enemy.swift in Sources */,
				CC6315E7282B9EB600D1440B /* AppDelegate.swift in Sources */,
				CC6315E9282B9EB600D1440B /* SceneDelegate.swift in Sources */,
				CC631624282C102100D1440B /* LobbyViewController.swift in Sources */,
				CC63161A282B9EFF00D1440B /* Player.swift in Sources */,
				CC631619282B9EFF00D1440B /* TechDraUtil.swift in Sources */,
			);
			runOnlyForDeploymentPostprocessing = 0;
		};
/* End PBXSourcesBuildPhase section */

/* Begin PBXVariantGroup section */
		CC6315EC282B9EB600D1440B /* Main.storyboard */ = {
			isa = PBXVariantGroup;
			children = (
				CC6315ED282B9EB600D1440B /* Base */,
			);
			name = Main.storyboard;
			sourceTree = "<group>";
		};
		CC6315F1282B9EB900D1440B /* LaunchScreen.storyboard */ = {
			isa = PBXVariantGroup;
			children = (
				CC6315F2282B9EB900D1440B /* Base */,
			);
			name = LaunchScreen.storyboard;
			sourceTree = "<group>";
		};
/* End PBXVariantGroup section */

/* Begin XCBuildConfiguration section */
		CC6315F5282B9EB900D1440B /* Debug */ = {
			isa = XCBuildConfiguration;
			buildSettings = {
				ALWAYS_SEARCH_USER_PATHS = NO;
				CLANG_ANALYZER_NONNULL = YES;
				CLANG_ANALYZER_NUMBER_OBJECT_CONVERSION = YES_AGGRESSIVE;
				CLANG_CXX_LANGUAGE_STANDARD = "gnu++17";
				CLANG_ENABLE_MODULES = YES;
				CLANG_ENABLE_OBJC_ARC = YES;
				CLANG_ENABLE_OBJC_WEAK = YES;
				CLANG_WARN_BLOCK_CAPTURE_AUTORELEASING = YES;
				CLANG_WARN_BOOL_CONVERSION = YES;
				CLANG_WARN_COMMA = YES;
				CLANG_WARN_CONSTANT_CONVERSION = YES;
				CLANG_WARN_DEPRECATED_OBJC_IMPLEMENTATIONS = YES;
				CLANG_WARN_DIRECT_OBJC_ISA_USAGE = YES_ERROR;
				CLANG_WARN_DOCUMENTATION_COMMENTS = YES;
				CLANG_WARN_EMPTY_BODY = YES;
				CLANG_WARN_ENUM_CONVERSION = YES;
				CLANG_WARN_INFINITE_RECURSION = YES;
				CLANG_WARN_INT_CONVERSION = YES;
				CLANG_WARN_NON_LITERAL_NULL_CONVERSION = YES;
				CLANG_WARN_OBJC_IMPLICIT_RETAIN_SELF = YES;
				CLANG_WARN_OBJC_LITERAL_CONVERSION = YES;
				CLANG_WARN_OBJC_ROOT_CLASS = YES_ERROR;
				CLANG_WARN_QUOTED_INCLUDE_IN_FRAMEWORK_HEADER = YES;
				CLANG_WARN_RANGE_LOOP_ANALYSIS = YES;
				CLANG_WARN_STRICT_PROTOTYPES = YES;
				CLANG_WARN_SUSPICIOUS_MOVE = YES;
				CLANG_WARN_UNGUARDED_AVAILABILITY = YES_AGGRESSIVE;
				CLANG_WARN_UNREACHABLE_CODE = YES;
				CLANG_WARN__DUPLICATE_METHOD_MATCH = YES;
				COPY_PHASE_STRIP = NO;
				DEBUG_INFORMATION_FORMAT = dwarf;
				ENABLE_STRICT_OBJC_MSGSEND = YES;
				ENABLE_TESTABILITY = YES;
				GCC_C_LANGUAGE_STANDARD = gnu11;
				GCC_DYNAMIC_NO_PIC = NO;
				GCC_NO_COMMON_BLOCKS = YES;
				GCC_OPTIMIZATION_LEVEL = 0;
				GCC_PREPROCESSOR_DEFINITIONS = (
					"DEBUG=1",
					"$(inherited)",
				);
				GCC_WARN_64_TO_32_BIT_CONVERSION = YES;
				GCC_WARN_ABOUT_RETURN_TYPE = YES_ERROR;
				GCC_WARN_UNDECLARED_SELECTOR = YES;
				GCC_WARN_UNINITIALIZED_AUTOS = YES_AGGRESSIVE;
				GCC_WARN_UNUSED_FUNCTION = YES;
				GCC_WARN_UNUSED_VARIABLE = YES;
				IPHONEOS_DEPLOYMENT_TARGET = 15.4;
				MTL_ENABLE_DEBUG_INFO = INCLUDE_SOURCE;
				MTL_FAST_MATH = YES;
				ONLY_ACTIVE_ARCH = YES;
				SDKROOT = iphoneos;
				SWIFT_ACTIVE_COMPILATION_CONDITIONS = DEBUG;
				SWIFT_OPTIMIZATION_LEVEL = "-Onone";
			};
			name = Debug;
		};
		CC6315F6282B9EB900D1440B /* Release */ = {
			isa = XCBuildConfiguration;
			buildSettings = {
				ALWAYS_SEARCH_USER_PATHS = NO;
				CLANG_ANALYZER_NONNULL = YES;
				CLANG_ANALYZER_NUMBER_OBJECT_CONVERSION = YES_AGGRESSIVE;
				CLANG_CXX_LANGUAGE_STANDARD = "gnu++17";
				CLANG_ENABLE_MODULES = YES;
				CLANG_ENABLE_OBJC_ARC = YES;
				CLANG_ENABLE_OBJC_WEAK = YES;
				CLANG_WARN_BLOCK_CAPTURE_AUTORELEASING = YES;
				CLANG_WARN_BOOL_CONVERSION = YES;
				CLANG_WARN_COMMA = YES;
				CLANG_WARN_CONSTANT_CONVERSION = YES;
				CLANG_WARN_DEPRECATED_OBJC_IMPLEMENTATIONS = YES;
				CLANG_WARN_DIRECT_OBJC_ISA_USAGE = YES_ERROR;
				CLANG_WARN_DOCUMENTATION_COMMENTS = YES;
				CLANG_WARN_EMPTY_BODY = YES;
				CLANG_WARN_ENUM_CONVERSION = YES;
				CLANG_WARN_INFINITE_RECURSION = YES;
				CLANG_WARN_INT_CONVERSION = YES;
				CLANG_WARN_NON_LITERAL_NULL_CONVERSION = YES;
				CLANG_WARN_OBJC_IMPLICIT_RETAIN_SELF = YES;
				CLANG_WARN_OBJC_LITERAL_CONVERSION = YES;
				CLANG_WARN_OBJC_ROOT_CLASS = YES_ERROR;
				CLANG_WARN_QUOTED_INCLUDE_IN_FRAMEWORK_HEADER = YES;
				CLANG_WARN_RANGE_LOOP_ANALYSIS = YES;
				CLANG_WARN_STRICT_PROTOTYPES = YES;
				CLANG_WARN_SUSPICIOUS_MOVE = YES;
				CLANG_WARN_UNGUARDED_AVAILABILITY = YES_AGGRESSIVE;
				CLANG_WARN_UNREACHABLE_CODE = YES;
				CLANG_WARN__DUPLICATE_METHOD_MATCH = YES;
				COPY_PHASE_STRIP = NO;
				DEBUG_INFORMATION_FORMAT = "dwarf-with-dsym";
				ENABLE_NS_ASSERTIONS = NO;
				ENABLE_STRICT_OBJC_MSGSEND = YES;
				GCC_C_LANGUAGE_STANDARD = gnu11;
				GCC_NO_COMMON_BLOCKS = YES;
				GCC_WARN_64_TO_32_BIT_CONVERSION = YES;
				GCC_WARN_ABOUT_RETURN_TYPE = YES_ERROR;
				GCC_WARN_UNDECLARED_SELECTOR = YES;
				GCC_WARN_UNINITIALIZED_AUTOS = YES_AGGRESSIVE;
				GCC_WARN_UNUSED_FUNCTION = YES;
				GCC_WARN_UNUSED_VARIABLE = YES;
				IPHONEOS_DEPLOYMENT_TARGET = 15.4;
				MTL_ENABLE_DEBUG_INFO = NO;
				MTL_FAST_MATH = YES;
				SDKROOT = iphoneos;
				SWIFT_COMPILATION_MODE = wholemodule;
				SWIFT_OPTIMIZATION_LEVEL = "-O";
				VALIDATE_PRODUCT = YES;
			};
			name = Release;
		};
		CC6315F8282B9EB900D1440B /* Debug */ = {
			isa = XCBuildConfiguration;
			buildSettings = {
				ASSETCATALOG_COMPILER_APPICON_NAME = AppIcon;
				ASSETCATALOG_COMPILER_GLOBAL_ACCENT_COLOR_NAME = AccentColor;
				CODE_SIGN_STYLE = Automatic;
				CURRENT_PROJECT_VERSION = 1;
				GENERATE_INFOPLIST_FILE = YES;
				INFOPLIST_FILE = TechMonster/Info.plist;
				INFOPLIST_KEY_UIApplicationSupportsIndirectInputEvents = YES;
				INFOPLIST_KEY_UILaunchStoryboardName = LaunchScreen;
				INFOPLIST_KEY_UIMainStoryboardFile = Main;
				INFOPLIST_KEY_UISupportedInterfaceOrientations = UIInterfaceOrientationPortrait;
				INFOPLIST_KEY_UISupportedInterfaceOrientations_iPad = "UIInterfaceOrientationPortrait UIInterfaceOrientationPortraitUpsideDown UIInterfaceOrientationLandscapeLeft UIInterfaceOrientationLandscapeRight";
				INFOPLIST_KEY_UISupportedInterfaceOrientations_iPhone = "UIInterfaceOrientationPortrait UIInterfaceOrientationLandscapeLeft UIInterfaceOrientationLandscapeRight";
				LD_RUNPATH_SEARCH_PATHS = (
					"$(inherited)",
					"@executable_path/Frameworks",
				);
				MARKETING_VERSION = 1.0;
				PRODUCT_BUNDLE_IDENTIFIER = "meari-13-techmon.TechMonster";
				PRODUCT_NAME = "$(TARGET_NAME)";
				SWIFT_EMIT_LOC_STRINGS = YES;
				SWIFT_VERSION = 5.0;
				TARGETED_DEVICE_FAMILY = "1,2";
			};
			name = Debug;
		};
		CC6315F9282B9EB900D1440B /* Release */ = {
			isa = XCBuildConfiguration;
			buildSettings = {
				ASSETCATALOG_COMPILER_APPICON_NAME = AppIcon;
				ASSETCATALOG_COMPILER_GLOBAL_ACCENT_COLOR_NAME = AccentColor;
				CODE_SIGN_STYLE = Automatic;
				CURRENT_PROJECT_VERSION = 1;
				GENERATE_INFOPLIST_FILE = YES;
				INFOPLIST_FILE = TechMonster/Info.plist;
				INFOPLIST_KEY_UIApplicationSupportsIndirectInputEvents = YES;
				INFOPLIST_KEY_UILaunchStoryboardName = LaunchScreen;
				INFOPLIST_KEY_UIMainStoryboardFile = Main;
				INFOPLIST_KEY_UISupportedInterfaceOrientations = UIInterfaceOrientationPortrait;
				INFOPLIST_KEY_UISupportedInterfaceOrientations_iPad = "UIInterfaceOrientationPortrait UIInterfaceOrientationPortraitUpsideDown UIInterfaceOrientationLandscapeLeft UIInterfaceOrientationLandscapeRight";
				INFOPLIST_KEY_UISupportedInterfaceOrientations_iPhone = "UIInterfaceOrientationPortrait UIInterfaceOrientationLandscapeLeft UIInterfaceOrientationLandscapeRight";
				LD_RUNPATH_SEARCH_PATHS = (
					"$(inherited)",
					"@executable_path/Frameworks",
				);
				MARKETING_VERSION = 1.0;
				PRODUCT_BUNDLE_IDENTIFIER = "meari-13-techmon.TechMonster";
				PRODUCT_NAME = "$(TARGET_NAME)";
				SWIFT_EMIT_LOC_STRINGS = YES;
				SWIFT_VERSION = 5.0;
				TARGETED_DEVICE_FAMILY = "1,2";
			};
			name = Release;
		};
/* End XCBuildConfiguration section */

/* Begin XCConfigurationList section */
		CC6315DE282B9EB500D1440B /* Build configuration list for PBXProject "TechMonster" */ = {
			isa = XCConfigurationList;
			buildConfigurations = (
				CC6315F5282B9EB900D1440B /* Debug */,
				CC6315F6282B9EB900D1440B /* Release */,
			);
			defaultConfigurationIsVisible = 0;
			defaultConfigurationName = Release;
		};
		CC6315F7282B9EB900D1440B /* Build configuration list for PBXNativeTarget "TechMonster" */ = {
			isa = XCConfigurationList;
			buildConfigurations = (
				CC6315F8282B9EB900D1440B /* Debug */,
				CC6315F9282B9EB900D1440B /* Release */,
			);
			defaultConfigurationIsVisible = 0;
			defaultConfigurationName = Release;
		};
/* End XCConfigurationList section */
	};
	rootObject = CC6315DB282B9EB500D1440B /* Project object */;
}
